
Microsoft Visual Studio Solution File, Format Version 12.00
# Visual Studio Version 16
VisualStudioVersion = 16.0.31729.503
MinimumVisualStudioVersion = 10.0.40219.1
Project("{FAE04EC0-301F-11D3-BF4B-00C04F79EFBC}") = "CalculatorApp", "CalculatorApp\CalculatorApp.csproj", "{2FF3BA2B-FF3A-4B07-BA3A-C504CAF0E28A}"
EndProject
Global
	GlobalSection(SolutionConfigurationPlatforms) = preSolution
		Debug|Any CPU = Debug|Any CPU
		Release|Any CPU = Release|Any CPU
	EndGlobalSection
	GlobalSection(ProjectConfigurationPlatforms) = postSolution
		{2FF3BA2B-FF3A-4B07-BA3A-C504CAF0E28A}.Debug|Any CPU.ActiveCfg = Debug|Any CPU
		{2FF3BA2B-FF3A-4B07-BA3A-C504CAF0E28A}.Debug|Any CPU.Build.0 = Debug|Any CPU
		{2FF3BA2B-FF3A-4B07-BA3A-C504CAF0E28A}.Release|Any CPU.ActiveCfg = Release|Any CPU
		{2FF3BA2B-FF3A-4B07-BA3A-C504CAF0E28A}.Release|Any CPU.Build.0 = Release|Any CPU
	EndGlobalSection
	GlobalSection(SolutionProperties) = preSolution
		HideSolutionNode = FALSE
	EndGlobalSection
	GlobalSection(ExtensibilityGlobals) = postSolution
		SolutionGuid = {70EAAB74-D7F6-4841-BACC-75FF76044F06}
	EndGlobalSection
EndGlobal
